
Microsoft Visual Studio Solution File, Format Version 12.00
# Visual Studio Version 17
VisualStudioVersion = 17.8.34601.278
MinimumVisualStudioVersion = 10.0.40219.1
Project("{9A19103F-16F7-4668-BE54-9A1E7A4F7556}") = "WorkManagementSystem", "WorkManagementSystem\WorkManagementSystem.csproj", "{AE951452-5261-4EEA-87D4-44C2D3C21912}"
EndProject
Project("{9A19103F-16F7-4668-BE54-9A1E7A4F7556}") = "WMS.CrossCuttingConcerns", "WMS.CrossCuttingConcerns\WMS.CrossCuttingConcerns.csproj", "{7303ED50-6C8B-4C4D-8B57-3E8AA736DEE2}"
EndProject
Global
	GlobalSection(SolutionConfigurationPlatforms) = preSolution
		Debug|Any CPU = Debug|Any CPU
		Release|Any CPU = Release|Any CPU
	EndGlobalSection
	GlobalSection(ProjectConfigurationPlatforms) = postSolution
		{AE951452-5261-4EEA-87D4-44C2D3C21912}.Debug|Any CPU.ActiveCfg = Debug|Any CPU
		{AE951452-5261-4EEA-87D4-44C2D3C21912}.Debug|Any CPU.Build.0 = Debug|Any CPU
		{AE951452-5261-4EEA-87D4-44C2D3C21912}.Release|Any CPU.ActiveCfg = Release|Any CPU
		{AE951452-5261-4EEA-87D4-44C2D3C21912}.Release|Any CPU.Build.0 = Release|Any CPU
		{7303ED50-6C8B-4C4D-8B57-3E8AA736DEE2}.Debug|Any CPU.ActiveCfg = Debug|Any CPU
		{7303ED50-6C8B-4C4D-8B57-3E8AA736DEE2}.Debug|Any CPU.Build.0 = Debug|Any CPU
		{7303ED50-6C8B-4C4D-8B57-3E8AA736DEE2}.Release|Any CPU.ActiveCfg = Release|Any CPU
		{7303ED50-6C8B-4C4D-8B57-3E8AA736DEE2}.Release|Any CPU.Build.0 = Release|Any CPU
	EndGlobalSection
	GlobalSection(SolutionProperties) = preSolution
		HideSolutionNode = FALSE
	EndGlobalSection
	GlobalSection(ExtensibilityGlobals) = postSolution
		SolutionGuid = {3F2B3452-753E-4BD4-ADD5-094465A3CE5B}
	EndGlobalSection
EndGlobal
